
Microsoft Visual Studio Solution File, Format Version 12.00
# Visual Studio Version 17
VisualStudioVersion = 17.8.34511.84
MinimumVisualStudioVersion = 10.0.40219.1
Project("{FAE04EC0-301F-11D3-BF4B-00C04F79EFBC}") = "SQL_Last_Assignment", "SQL_Last_Assignment.csproj", "{75CFC7BA-FCFD-460E-9CFF-65A8964CB7B5}"
EndProject
Global
	GlobalSection(SolutionConfigurationPlatforms) = preSolution
		Debug|Any CPU = Debug|Any CPU
		Release|Any CPU = Release|Any CPU
	EndGlobalSection
	GlobalSection(ProjectConfigurationPlatforms) = postSolution
		{75CFC7BA-FCFD-460E-9CFF-65A8964CB7B5}.Debug|Any CPU.ActiveCfg = Debug|Any CPU
		{75CFC7BA-FCFD-460E-9CFF-65A8964CB7B5}.Debug|Any CPU.Build.0 = Debug|Any CPU
		{75CFC7BA-FCFD-460E-9CFF-65A8964CB7B5}.Release|Any CPU.ActiveCfg = Release|Any CPU
		{75CFC7BA-FCFD-460E-9CFF-65A8964CB7B5}.Release|Any CPU.Build.0 = Release|Any CPU
	EndGlobalSection
	GlobalSection(SolutionProperties) = preSolution
		HideSolutionNode = FALSE
	EndGlobalSection
	GlobalSection(ExtensibilityGlobals) = postSolution
		SolutionGuid = {5128006E-660E-4E74-B098-DC66EB371599}
	EndGlobalSection
EndGlobal
